
Microsoft Visual Studio Solution File, Format Version 12.00
# Visual Studio Version 16
VisualStudioVersion = 16.0.30114.105
MinimumVisualStudioVersion = 10.0.40219.1
Project("{FAE04EC0-301F-11D3-BF4B-00C04F79EFBC}") = "RustServerManager", "RustServerManager\RustServerManager.csproj", "{F0B08D8D-5DB9-4520-918B-B2AF59506282}"
EndProject
Project("{9A19103F-16F7-4668-BE54-9A1E7A4F7556}") = "ServerNode", "ServerNode\ServerNode.csproj", "{6045E220-14FE-4821-9B31-2C4F259DB455}"
EndProject
Project("{9A19103F-16F7-4668-BE54-9A1E7A4F7556}") = "Pty.Net", "..\..\vs-pty.net\src\Pty.Net\Pty.Net.csproj", "{9761F1C9-0C00-492B-B9A1-507F49BFAB03}"
EndProject
Global
	GlobalSection(SolutionConfigurationPlatforms) = preSolution
		Debug|Any CPU = Debug|Any CPU
		Debug|x64 = Debug|x64
		Release|Any CPU = Release|Any CPU
		Release|x64 = Release|x64
	EndGlobalSection
	GlobalSection(ProjectConfigurationPlatforms) = postSolution
		{F0B08D8D-5DB9-4520-918B-B2AF59506282}.Debug|Any CPU.ActiveCfg = Debug|Any CPU
		{F0B08D8D-5DB9-4520-918B-B2AF59506282}.Debug|Any CPU.Build.0 = Debug|Any CPU
		{F0B08D8D-5DB9-4520-918B-B2AF59506282}.Debug|x64.ActiveCfg = Debug|Any CPU
		{F0B08D8D-5DB9-4520-918B-B2AF59506282}.Debug|x64.Build.0 = Debug|Any CPU
		{F0B08D8D-5DB9-4520-918B-B2AF59506282}.Release|Any CPU.ActiveCfg = Release|Any CPU
		{F0B08D8D-5DB9-4520-918B-B2AF59506282}.Release|Any CPU.Build.0 = Release|Any CPU
		{F0B08D8D-5DB9-4520-918B-B2AF59506282}.Release|x64.ActiveCfg = Release|Any CPU
		{F0B08D8D-5DB9-4520-918B-B2AF59506282}.Release|x64.Build.0 = Release|Any CPU
		{6045E220-14FE-4821-9B31-2C4F259DB455}.Debug|Any CPU.ActiveCfg = Debug|Any CPU
		{6045E220-14FE-4821-9B31-2C4F259DB455}.Debug|Any CPU.Build.0 = Debug|Any CPU
		{6045E220-14FE-4821-9B31-2C4F259DB455}.Debug|x64.ActiveCfg = Debug|Any CPU
		{6045E220-14FE-4821-9B31-2C4F259DB455}.Debug|x64.Build.0 = Debug|Any CPU
		{6045E220-14FE-4821-9B31-2C4F259DB455}.Release|Any CPU.ActiveCfg = Release|Any CPU
		{6045E220-14FE-4821-9B31-2C4F259DB455}.Release|Any CPU.Build.0 = Release|Any CPU
		{6045E220-14FE-4821-9B31-2C4F259DB455}.Release|x64.ActiveCfg = Release|Any CPU
		{6045E220-14FE-4821-9B31-2C4F259DB455}.Release|x64.Build.0 = Release|Any CPU
		{9761F1C9-0C00-492B-B9A1-507F49BFAB03}.Debug|Any CPU.ActiveCfg = Debug|Any CPU
		{9761F1C9-0C00-492B-B9A1-507F49BFAB03}.Debug|Any CPU.Build.0 = Debug|Any CPU
		{9761F1C9-0C00-492B-B9A1-507F49BFAB03}.Debug|x64.ActiveCfg = Debug|Any CPU
		{9761F1C9-0C00-492B-B9A1-507F49BFAB03}.Debug|x64.Build.0 = Debug|Any CPU
		{9761F1C9-0C00-492B-B9A1-507F49BFAB03}.Release|Any CPU.ActiveCfg = Release|Any CPU
		{9761F1C9-0C00-492B-B9A1-507F49BFAB03}.Release|Any CPU.Build.0 = Release|Any CPU
		{9761F1C9-0C00-492B-B9A1-507F49BFAB03}.Release|x64.ActiveCfg = Release|Any CPU
		{9761F1C9-0C00-492B-B9A1-507F49BFAB03}.Release|x64.Build.0 = Release|Any CPU
	EndGlobalSection
	GlobalSection(SolutionProperties) = preSolution
		HideSolutionNode = FALSE
	EndGlobalSection
	GlobalSection(ExtensibilityGlobals) = postSolution
		SolutionGuid = {BB31B28F-748F-4F2F-94F4-AE64B64C2F08}
	EndGlobalSection
EndGlobal
